
Microsoft Visual Studio Solution File, Format Version 12.00
# Visual Studio 14
VisualStudioVersion = 14.0.24720.0
MinimumVisualStudioVersion = 10.0.40219.1
Project("{FAE04EC0-301F-11D3-BF4B-00C04F79EFBC}") = "UrlMini", "UrlMini\UrlMini.csproj", "{ED66B4B8-BEFC-4C54-8E10-958FF0C28DAC}"
EndProject
Project("{FAE04EC0-301F-11D3-BF4B-00C04F79EFBC}") = "UrlMini.Tests", "UrlMini.Tests\UrlMini.Tests.csproj", "{8B199B2A-490B-49D2-8275-DB7DC959B0DF}"
EndProject
Global
	GlobalSection(SolutionConfigurationPlatforms) = preSolution
		Debug|Any CPU = Debug|Any CPU
		Release|Any CPU = Release|Any CPU
	EndGlobalSection
	GlobalSection(ProjectConfigurationPlatforms) = postSolution
		{ED66B4B8-BEFC-4C54-8E10-958FF0C28DAC}.Debug|Any CPU.ActiveCfg = Debug|Any CPU
		{ED66B4B8-BEFC-4C54-8E10-958FF0C28DAC}.Debug|Any CPU.Build.0 = Debug|Any CPU
		{ED66B4B8-BEFC-4C54-8E10-958FF0C28DAC}.Release|Any CPU.ActiveCfg = Release|Any CPU
		{ED66B4B8-BEFC-4C54-8E10-958FF0C28DAC}.Release|Any CPU.Build.0 = Release|Any CPU
		{8B199B2A-490B-49D2-8275-DB7DC959B0DF}.Debug|Any CPU.ActiveCfg = Debug|Any CPU
		{8B199B2A-490B-49D2-8275-DB7DC959B0DF}.Debug|Any CPU.Build.0 = Debug|Any CPU
		{8B199B2A-490B-49D2-8275-DB7DC959B0DF}.Release|Any CPU.ActiveCfg = Release|Any CPU
		{8B199B2A-490B-49D2-8275-DB7DC959B0DF}.Release|Any CPU.Build.0 = Release|Any CPU
	EndGlobalSection
	GlobalSection(SolutionProperties) = preSolution
		HideSolutionNode = FALSE
	EndGlobalSection
EndGlobal
